
Microsoft Visual Studio Solution File, Format Version 12.00
# Visual Studio Version 17
VisualStudioVersion = 17.5.33502.453
MinimumVisualStudioVersion = 10.0.40219.1
Project("{FAE04EC0-301F-11D3-BF4B-00C04F79EFBC}") = "NewConsoleApp", "NewConsoleApp\NewConsoleApp.csproj", "{0D49E6A2-65FA-4564-8C2B-C557AABB183B}"
EndProject
Global
	GlobalSection(SolutionConfigurationPlatforms) = preSolution
		Debug|Any CPU = Debug|Any CPU
		Release|Any CPU = Release|Any CPU
	EndGlobalSection
	GlobalSection(ProjectConfigurationPlatforms) = postSolution
		{0D49E6A2-65FA-4564-8C2B-C557AABB183B}.Debug|Any CPU.ActiveCfg = Debug|Any CPU
		{0D49E6A2-65FA-4564-8C2B-C557AABB183B}.Debug|Any CPU.Build.0 = Debug|Any CPU
		{0D49E6A2-65FA-4564-8C2B-C557AABB183B}.Release|Any CPU.ActiveCfg = Release|Any CPU
		{0D49E6A2-65FA-4564-8C2B-C557AABB183B}.Release|Any CPU.Build.0 = Release|Any CPU
	EndGlobalSection
	GlobalSection(SolutionProperties) = preSolution
		HideSolutionNode = FALSE
	EndGlobalSection
	GlobalSection(ExtensibilityGlobals) = postSolution
		SolutionGuid = {1FCB8008-C153-43DF-A5F7-10F7337CC2AF}
	EndGlobalSection
EndGlobal
